# This file is autogenerated, do not edit; changes may be undone by the next 'dep ensure'.


[[projects]]
  digest = "1:d27ea1c526b6a93f98ed31df56d0061bc4489446016cdb20a8072bbb64a5db4d"
  name = "github.com/google/gopacket"
  packages = [
    ".",
    "layers",
    "pcap",
    "routing",
  ]
  pruneopts = "UT"
  revision = "6d3e2615da4ed2ed2a349918fe74e7e6d03482fa"
  version = "v1.1.17"

[[projects]]
  digest = "1:7cd2924a44ecf80a319cfa2378529fabd348d011b739fb4eccc565f65e3296c4"
  name = "github.com/json-iterator/go"
  packages = ["."]
  pruneopts = "UT"
  revision = "acfec88f7a0d5140ace3dcdbee10184e3684a9e1"
  version = "v1.1.9"

[[projects]]
  digest = "1:ba852707958e39694e7f64328008287892adf9b1aed0174480e2f50e0c23e521"
  name = "github.com/logrusorgru/aurora"
  packages = ["."]
  pruneopts = "UT"
  revision = "21d75270181e0436fee7bd58b991c212cf309068"
  version = "v2.0"

[[projects]]
  digest = "1:33422d238f147d247752996a26574ac48dcf472976eda7f5134015f06bf16563"
  name = "github.com/modern-go/concurrent"
  packages = ["."]
  pruneopts = "UT"
  revision = "bacd9c7ef1dd9b15be4a9909b8ac7a4e313eec94"
  version = "1.0.3"

[[projects]]
  digest = "1:e32bdbdb7c377a07a9a46378290059822efdce5c8d96fe71940d87cb4f918855"
  name = "github.com/modern-go/reflect2"
  packages = ["."]
  pruneopts = "UT"
  revision = "4b7aa43c6742a2c18fdef89dd197aaae7dac7ccd"
  version = "1.0.1"

[[projects]]
  branch = "master"
  digest = "1:cbf0c68647b33254e5d14b37c67006465702375eec1a00730b7311d414db814a"
  name = "github.com/mostlygeek/arp"
  packages = ["."]
  pruneopts = "UT"
  revision = "541a2129847a674f55f3cb2915279009e7b7bcb1"

[[projects]]
  digest = "1:7413525ee648f20b4181be7fe8103d0cb98be9e141926a03ee082dc207061e4e"
  name = "github.com/phayes/freeport"
  packages = ["."]
  pruneopts = "UT"
  revision = "b8543db493a5ed890c5499e935e2cad7504f3a04"
  version = "1.0.2"

[[projects]]
  digest = "1:bb90467981c5e812c4d1c78e498a1416b04cb5149dc5fa2200ab758c37488f6f"
  name = "github.com/remeh/sizedwaitgroup"
  packages = ["."]
  pruneopts = "UT"
  revision = "5e7302b12ccef91dce9fde2f5bda6d5c7ea5d2eb"
  version = "v1.0.0"

[solve-meta]
  analyzer-name = "dep"
  analyzer-version = 1
  input-imports = [
    "github.com/google/gopacket",
    "github.com/google/gopacket/layers",
    "github.com/google/gopacket/pcap",
    "github.com/google/gopacket/routing",
    "github.com/json-iterator/go",
    "github.com/logrusorgru/aurora",
    "github.com/mostlygeek/arp",
    "github.com/phayes/freeport",
    "github.com/remeh/sizedwaitgroup",
  ]
  solver-name = "gps-cdcl"
  solver-version = 1
