github.com/capitalone/fpe v1.2.1 h1:/r81KhhTkfmxjjr2HKr+WYTLrMjPnn0gtK/L8gKNfts=
github.com/capitalone/fpe v1.2.1/go.mod h1:hI6YzL2v2WkosaevH24sYHyyDAzacfqkpaOYc/0Qn7g=
github.com/davecgh/go-spew v1.1.0 h1:ZDRjVQ15GmhC3fiQ8ni8+OwkZQO4DARzQgrnXU1Liz8=
github.com/davecgh/go-spew v1.1.0/go.mod h1:J7Y8YcW2NihsgmVo/mv3lAwl/skON4iLHjSsI+c5H38=
github.com/davecgh/go-spew v1.1.1 h1:vj9j/u1bqnvCEfJOwUhtlOARqs3+rkHYY13jYWTU97c=
github.com/davecgh/go-spew v1.1.1/go.mod h1:J7Y8YcW2NihsgmVo/mv3lAwl/skON4iLHjSsI+c5H38=
github.com/fsnotify/fsnotify v1.4.7/go.mod h1:jwhsz4b93w/PPRr/qN1Yymfu8t87LnFCMoQvtojpjFo=
github.com/golang/protobuf v1.2.0/go.mod h1:6lQm79b+lXiMfvg/cZm0SGofjICqVBUtrP5yJMmIC1U=
github.com/golang/snappy v0.0.0-20180518054509-2e65f85255db h1:woRePGFeVFfLKN/pOkfl+p/TAqKOfFu+7KPlMVpok/w=
github.com/golang/snappy v0.0.0-20180518054509-2e65f85255db/go.mod h1:/XxbfmMg8lxefKM7IXC3fBNl/7bRcc72aCRzEWrmP2Q=
github.com/golang/snappy v0.0.2 h1:aeE13tS0IiQgFjYdoL8qN3K1N2bXXtI6Vi51/y7BpMw=
github.com/golang/snappy v0.0.2/go.mod h1:/XxbfmMg8lxefKM7IXC3fBNl/7bRcc72aCRzEWrmP2Q=
github.com/google/gopacket v1.1.18 h1:lum7VRA9kdlvBi7/v2p7/zcbkduHaCH/SVVyurs7OpY=
github.com/google/gopacket v1.1.18/go.mod h1:UdDNZ1OO62aGYVnPhxT1U6aI7ukYtA/kB8vaU0diBUM=
github.com/google/gopacket v1.1.19 h1:ves8RnFZPGiFnTS0uPQStjwru6uO6h+nlr9j6fL7kF8=
github.com/google/gopacket v1.1.19/go.mod h1:iJ8V8n6KS+z2U1A8pUwu8bW5SyEMkXJB8Yo/Vo+TKTo=
github.com/hpcloud/tail v1.0.0/go.mod h1:ab1qPbhIpdTxEkNHXyeSf5vhxWSCs/tWer42PpOxQnU=
github.com/logrusorgru/aurora v0.0.0-20200102142835-e9ef32dff381 h1:bqDmpDG49ZRnB5PcgP0RXtQvnMSgIF14M7CBd2shtXs=
github.com/logrusorgru/aurora v0.0.0-20200102142835-e9ef32dff381/go.mod h1:7rIyQOR62GCctdiQpZ/zOJlFyk6y+94wXzv6RNZgaR4=
github.com/logrusorgru/aurora v2.0.3+incompatible h1:tOpm7WcpBTn4fjmVfgpQq0EfczGlG91VSDkswnjF5A8=
github.com/logrusorgru/aurora v2.0.3+incompatible/go.mod h1:7rIyQOR62GCctdiQpZ/zOJlFyk6y+94wXzv6RNZgaR4=
github.com/miekg/dns v1.1.29 h1:xHBEhR+t5RzcFJjBLJlax2daXOrTYtr9z4WdKEfWFzg=
github.com/miekg/dns v1.1.29/go.mod h1:KNUDUusw/aVsxyTYZM1oqvCicbwhgbNgztCETuNZ7xM=
github.com/onsi/ginkgo v1.6.0/go.mod h1:lLunBs/Ym6LB5Z9jYTR76FiuTmxDTDusOGeTQH+WWjE=
github.com/onsi/ginkgo v1.7.0/go.mod h1:lLunBs/Ym6LB5Z9jYTR76FiuTmxDTDusOGeTQH+WWjE=
github.com/onsi/gomega v1.4.3/go.mod h1:ex+gbHU/CVuBBDIJjb2X0qEXbFg53c61hWP/1CpauHY=
github.com/phayes/freeport v0.0.0-20180830031419-95f893ade6f2 h1:JhzVVoYvbOACxoUmOs6V/G4D5nPVUW73rKvXxP4XUJc=
github.com/phayes/freeport v0.0.0-20180830031419-95f893ade6f2/go.mod h1:iIss55rKnNBTvrwdmkUpLnDpZoAHvWaiq5+iMmen4AE=
github.com/pmezard/go-difflib v1.0.0 h1:4DBwDE0NGyQoBHbLQYPwSUPoCMWR5BEzIk/f1lZbAQM=
github.com/pmezard/go-difflib v1.0.0/go.mod h1:iKH77koFhYxTK1pcRnkKkqfTogsbg7gZNVY4sRDYZ/4=
github.com/projectdiscovery/cdncheck v0.0.0-20201003183750-5bc57c383935 h1:YCM8XrQXo9llkohuXw3CBoz2S/T3kVMnb1pM04X23t8=
github.com/projectdiscovery/cdncheck v0.0.0-20201003183750-5bc57c383935/go.mod h1:+CNeKlAVwecauIkA+PBNoA7zXGm4MZhL3KKFkkpIaZw=
github.com/projectdiscovery/dnsprobe v1.0.3 h1:4dQtN1ifTHyph8ocz/rKuy98/Dsy4VXblahhme9jVok=
github.com/projectdiscovery/dnsprobe v1.0.3/go.mod h1:mZ+Nd+2gbC08Xjrj/pCkAgqy/KEHkLK+KsbMlqedrX4=
github.com/projectdiscovery/fdmax v0.0.2 h1:d0HqNC4kbrMWT669u9W7ksFS7UBvnW0zmgY6FBU45UY=
github.com/projectdiscovery/fdmax v0.0.2/go.mod h1:mbR7lJ9EONyxEfcsL2LlGtOSlzCQ5VraLzoJa/VTrAs=
github.com/projectdiscovery/gologger v1.0.0/go.mod h1:Ok+axMqK53bWNwDSU1nTNwITLYMXMdZtRc8/y1c7sWE=
github.com/projectdiscovery/gologger v1.0.1 h1:FzoYQZnxz9DCvSi/eg5A6+ET4CQ0CDUs27l6Exr8zMQ=
github.com/projectdiscovery/gologger v1.0.1/go.mod h1:Ok+axMqK53bWNwDSU1nTNwITLYMXMdZtRc8/y1c7sWE=
github.com/projectdiscovery/hmap v0.0.0-20201018174043-cebbd0e7bda4 h1:yLCp4NPNXBn/93Ix1T/bjX7CxZsnBY3cwCm2tuWUAZo=
github.com/projectdiscovery/hmap v0.0.0-20201018174043-cebbd0e7bda4/go.mod h1:VDEfgzkKQdq7iGTKz8Ooul0NuYHQ8qiDs6r8bPD1Sb0=
github.com/projectdiscovery/hmap v0.0.0-20201026185329-db41b5717bcb h1:y+O2ZCGICrGcSevxu2nydZtjMiwDHPf2cMgwi8PCFgQ=
github.com/projectdiscovery/hmap v0.0.0-20201026185329-db41b5717bcb/go.mod h1:VDEfgzkKQdq7iGTKz8Ooul0NuYHQ8qiDs6r8bPD1Sb0=
github.com/projectdiscovery/mapcidr v0.0.4 h1:2vBSjkmbQASAcO/m2L/dhdulMVu2y9HdyWOrWYJ74rU=
github.com/projectdiscovery/mapcidr v0.0.4/go.mod h1:ALOIj6ptkWujNoX8RdQwB2mZ+kAmKuLJBq9T5gR5wG0=
github.com/projectdiscovery/mapcidr v0.0.5-0.20201028195344-b09871d1558e h1:gzufkrmg3g4KTqWZzqnZEW2hkwL37jIqZWds9tRsrmQ=
github.com/projectdiscovery/mapcidr v0.0.5-0.20201028195344-b09871d1558e/go.mod h1:ALOIj6ptkWujNoX8RdQwB2mZ+kAmKuLJBq9T5gR5wG0=
github.com/projectdiscovery/retryabledns v1.0.4 h1:0Va7qHlWQsIXjRLISTjzfN3tnJmHYDudY05Nu3IJd60=
github.com/projectdiscovery/retryabledns v1.0.4/go.mod h1:/UzJn4I+cPdQl6pKiiQfvVAT636YZvJQYZhYhGB0dUQ=
github.com/remeh/sizedwaitgroup v1.0.0 h1:VNGGFwNo/R5+MJBf6yrsr110p0m4/OX4S3DCy7Kyl5E=
github.com/remeh/sizedwaitgroup v1.0.0/go.mod h1:3j2R4OIe/SeS6YDhICBy22RWjJC5eNCJ1V+9+NVNYlo=
github.com/stretchr/objx v0.1.0/go.mod h1:HFkY916IF+rwdDfMAkV7OtwuqBVzrE8GR6GFx+wExME=
github.com/stretchr/testify v1.2.1/go.mod h1:a8OnRcib4nhh0OaRAV+Yts87kKdq0PP7pXfy6kDkUVs=
github.com/stretchr/testify v1.3.0/go.mod h1:M5WIy9Dh21IEIfnGCwXGc5bZfKNJtfHm1UVUgZn+9EI=
github.com/stretchr/testify v1.4.0/go.mod h1:j7eGeouHqKxXV5pUuKE4zz7dFj8WfuZ+81PSLYec5m4=
github.com/stretchr/testify v1.5.1 h1:nOGnQDM7FYENwehXlg/kFVnos3rEvtKTjRvOWSzb6H4=
github.com/stretchr/testify v1.5.1/go.mod h1:5W2xD1RspED5o8YsWQXVCued0rvSQ+mT+I5cxcmMvtA=
github.com/syndtr/goleveldb v1.0.0 h1:fBdIW9lB4Iz0n9khmH8w27SJ3QEJ7+IgjPEwGSZiFdE=
github.com/syndtr/goleveldb v1.0.0/go.mod h1:ZVVdQEZoIme9iO1Ch2Jdy24qqXrMMOU6lpPAyBWyWuQ=
github.com/yl2chen/cidranger v1.0.0 h1:9tdo0orHQJvXsX6mf+1Goou/R4kq21AfpbYeTcpXs2Q=
github.com/yl2chen/cidranger v1.0.0/go.mod h1:L7Msw4X7EQK7zMVjOtv7o8xMyjv1rJcNlYlMgGwP7ko=
github.com/yl2chen/cidranger v1.0.2 h1:lbOWZVCG1tCRX4u24kuM1Tb4nHqWkDxwLdoS+SevawU=
github.com/yl2chen/cidranger v1.0.2/go.mod h1:9U1yz7WPYDwf0vpNWFaeRh0bjwz5RVgRy/9UEQfHl0g=
go.uber.org/atomic v1.7.0 h1:ADUqmZGgLDDfbSL9ZmPxKTybcoEYHgpYfELNoN+7hsw=
go.uber.org/atomic v1.7.0/go.mod h1:fEN4uk6kAWBTFdckzkM89CLk9XfWZrxpCo0nPH17wJc=
go.uber.org/ratelimit v0.1.0 h1:U2AruXqeTb4Eh9sYQSTrMhH8Cb7M0Ian2ibBOnBcnAw=
go.uber.org/ratelimit v0.1.0/go.mod h1:2X8KaoNd1J0lZV+PxJk/5+DGbO/tpwLR1m++a7FnB/Y=
golang.org/x/crypto v0.0.0-20190308221718-c2843e01d9a2/go.mod h1:djNgcEr1/C05ACkg1iLfiJU5Ep61QUkGW8qpdssI0+w=
golang.org/x/crypto v0.0.0-20191011191535-87dc89f01550/go.mod h1:yigFU9vqHzYiE8UmvKecakEJjdnWj3jj499lnFckfCI=
golang.org/x/crypto v0.0.0-20200622213623-75b288015ac9 h1:psW17arqaxU48Z5kZ0CQnkZWQJsqcURM6tKiBApRjXI=
golang.org/x/crypto v0.0.0-20200622213623-75b288015ac9/go.mod h1:LzIPMQfyMNhhGPhUkYOs5KpL4U8rLKemX1yGLhDgUto=
golang.org/x/lint v0.0.0-20200302205851-738671d3881b/go.mod h1:3xt1FjdF8hUf6vQPIChWIBhFzV8gjjsPE/fR3IyQdNY=
golang.org/x/mod v0.1.1-0.20191105210325-c90efee705ee/go.mod h1:QqPTAvyqsEbceGzBzNggFXnrqF1CaUcvgkdR5Ot7KZg=
golang.org/x/net v0.0.0-20180906233101-161cd47e91fd/go.mod h1:mL1N/T3taQHkDXs73rZJwtUhF3w3ftmwwsq0BUmARs4=
golang.org/x/net v0.0.0-20190404232315-eb5bcb51f2a3/go.mod h1:t9HGtf8HONx5eT2rtn7q6eTqICYqUVnKs3thJo3Qplg=
golang.org/x/net v0.0.0-20190620200207-3b0461eec859/go.mod h1:z5CRVTTTmAJ677TzLLGU+0bjPO0LkuOLi4/5GtJWs/s=
golang.org/x/net v0.0.0-20190923162816-aa69164e4478/go.mod h1:z5CRVTTTmAJ677TzLLGU+0bjPO0LkuOLi4/5GtJWs/s=
golang.org/x/net v0.0.0-20200923182212-328152dc79b1 h1:Iu68XRPd67wN4aRGGWwwq6bZo/25jR6uu52l/j2KkUE=
golang.org/x/net v0.0.0-20200923182212-328152dc79b1/go.mod h1:/O7V0waA8r7cgGh81Ro3o1hOxt32SMVPicZroKQ2sZA=
golang.org/x/net v0.0.0-20201022231255-08b38378de70 h1:Z6x4N9mAi4oF0TbHweCsH618MO6OI6UFgV0FP5n0wBY=
golang.org/x/net v0.0.0-20201022231255-08b38378de70/go.mod h1:sp8m0HH+o8qH0wwXwYZr8TS3Oi6o0r6Gce1SSxlDquU=
golang.org/x/net v0.0.0-20201026091529-146b70c837a4 h1:awiuzyrRjJDb+OXi9ceHO3SDxVoN3JER57mhtqkdQBs=
golang.org/x/net v0.0.0-20201026091529-146b70c837a4/go.mod h1:sp8m0HH+o8qH0wwXwYZr8TS3Oi6o0r6Gce1SSxlDquU=
golang.org/x/net v0.0.0-20201027133719-8eef5233e2a1 h1:IEhJ99VWSYpHIxjlbu3DQyHegGPnQYAv0IaCX9KHyG0=
golang.org/x/net v0.0.0-20201027133719-8eef5233e2a1/go.mod h1:sp8m0HH+o8qH0wwXwYZr8TS3Oi6o0r6Gce1SSxlDquU=
golang.org/x/sync v0.0.0-20180314180146-1d60e4601c6f/go.mod h1:RxMgew5VJxzue5/jJTE5uejpjVlOe/izrB70Jof72aM=
golang.org/x/sync v0.0.0-20190423024810-112230192c58/go.mod h1:RxMgew5VJxzue5/jJTE5uejpjVlOe/izrB70Jof72aM=
golang.org/x/sys v0.0.0-20180909124046-d0be0721c37e/go.mod h1:STP8DvDyc/dI5b8T5hshtkjS+E42TnysNCUPdjciGhY=
golang.org/x/sys v0.0.0-20190215142949-d0b11bdaac8a/go.mod h1:STP8DvDyc/dI5b8T5hshtkjS+E42TnysNCUPdjciGhY=
golang.org/x/sys v0.0.0-20190405154228-4b34438f7a67/go.mod h1:h1NjWce9XRLGQEsW7wpKNCjG9DtNlClVuFLEZdDNbEs=
golang.org/x/sys v0.0.0-20190412213103-97732733099d/go.mod h1:h1NjWce9XRLGQEsW7wpKNCjG9DtNlClVuFLEZdDNbEs=
golang.org/x/sys v0.0.0-20190924154521-2837fb4f24fe/go.mod h1:h1NjWce9XRLGQEsW7wpKNCjG9DtNlClVuFLEZdDNbEs=
golang.org/x/sys v0.0.0-20200323222414-85ca7c5b95cd h1:xhmwyvizuTgC2qz7ZlMluP20uW+C3Rm0FD/WLDX8884=
golang.org/x/sys v0.0.0-20200323222414-85ca7c5b95cd/go.mod h1:h1NjWce9XRLGQEsW7wpKNCjG9DtNlClVuFLEZdDNbEs=
golang.org/x/sys v0.0.0-20200930185726-fdedc70b468f/go.mod h1:h1NjWce9XRLGQEsW7wpKNCjG9DtNlClVuFLEZdDNbEs=
golang.org/x/sys v0.0.0-20201022201747-fb209a7c41cd h1:WgqgiQvkiZWz7XLhphjt2GI2GcGCTIZs9jqXMWmH+oc=
golang.org/x/sys v0.0.0-20201022201747-fb209a7c41cd/go.mod h1:h1NjWce9XRLGQEsW7wpKNCjG9DtNlClVuFLEZdDNbEs=
golang.org/x/sys v0.0.0-20201026173827-119d4633e4d1 h1:/DtoiOYKoQCcIFXQjz07RnWNPRCbqmSXSpgEzhC9ZHM=
golang.org/x/sys v0.0.0-20201026173827-119d4633e4d1/go.mod h1:h1NjWce9XRLGQEsW7wpKNCjG9DtNlClVuFLEZdDNbEs=
golang.org/x/sys v0.0.0-20201028094953-708e7fb298ac h1:bplbaOojU0hnrC9nvWJ5Nvp/gPIWKFMiGBFI9Cpp16I=
golang.org/x/sys v0.0.0-20201028094953-708e7fb298ac/go.mod h1:h1NjWce9XRLGQEsW7wpKNCjG9DtNlClVuFLEZdDNbEs=
golang.org/x/text v0.3.0/go.mod h1:NqM8EUOU14njkJ3fqMW+pc6Ldnwhi/IjpwHt7yyuwOQ=
golang.org/x/text v0.3.3/go.mod h1:5Zoc/QRtKVWzQhOtBMvqHzDpF6irO9z98xDceosuGiQ=
golang.org/x/tools v0.0.0-20180917221912-90fa682c2a6e/go.mod h1:n7NCudcB/nEzxVGmLbDWY5pfWTLqBcC2KZ6jyYvM4mQ=
golang.org/x/tools v0.0.0-20191216052735-49a3e744a425/go.mod h1:TB2adYChydJhpapKDTa4BR/hXlZSLoq2Wpct/0txZ28=
golang.org/x/tools v0.0.0-20200130002326-2f3ba24bd6e7/go.mod h1:TB2adYChydJhpapKDTa4BR/hXlZSLoq2Wpct/0txZ28=
golang.org/x/xerrors v0.0.0-20191011141410-1b5146add898/go.mod h1:I/5z698sn9Ka8TeJc9MKroUUfqBBauWjQqLJ2OPfmY0=
gopkg.in/check.v1 v0.0.0-20161208181325-20d25e280405 h1:yhCVgyC4o1eVCa2tZl7eS0r+SDo693bJlVdllGtEeKM=
gopkg.in/check.v1 v0.0.0-20161208181325-20d25e280405/go.mod h1:Co6ibVJAznAaIkqp8huTwlJQCZ016jof/cbN4VW5Yz0=
gopkg.in/fsnotify.v1 v1.4.7/go.mod h1:Tz8NjZHkW78fSQdbUxIjBTcgA1z1m8ZHf0WmKUhAMys=
gopkg.in/tomb.v1 v1.0.0-20141024135613-dd632973f1e7/go.mod h1:dt/ZhP58zS4L8KSrWDmTeBkI65Dw0HsyUHuEVlX15mw=
gopkg.in/yaml.v2 v2.2.1/go.mod h1:hI93XBmqTisBFMUTm0b8Fm+jr3Dg1NNxqwp+5A1VGuI=
gopkg.in/yaml.v2 v2.2.2 h1:ZCJp+EgiOT7lHqUV2J862kp8Qj64Jo6az82+3Td9dZw=
gopkg.in/yaml.v2 v2.2.2/go.mod h1:hI93XBmqTisBFMUTm0b8Fm+jr3Dg1NNxqwp+5A1VGuI=
gopkg.in/yaml.v3 v3.0.0-20200615113413-eeeca48fe776 h1:tQIYjPdBoyREyB9XMu+nnTclpTYkz2zFM+lzLJFO4gQ=
gopkg.in/yaml.v3 v3.0.0-20200615113413-eeeca48fe776/go.mod h1:K4uyk7z7BCEPqu6E+C64Yfv1cQ7kz7rIZviUmN+EgEM=
